{
  "requires": true,
  "lockfileVersion": 1,
  "dependencies": {
    "@angular/material": {
      "version": "2.0.0-beta.12",
      "resolved": "http://registry.npm.taobao.org/@angular/material/download/@angular/material-2.0.0-beta.12.tgz",
      "integrity": "sha1-cbbQt7AhiR5dDjaIwdS9eMdFf1g=",
      "requires": {
        "tslib": "1.8.0"
      }
    },
    "hammerjs": {
      "version": "2.0.8",
      "resolved": "http://registry.npm.taobao.org/hammerjs/download/hammerjs-2.0.8.tgz",
      "integrity": "sha1-BO93hiz/K7edMPdpIJWTAiK/YPE="
    },
    "tslib": {
      "version": "1.8.0",
      "resolved": "http://registry.npm.taobao.org/tslib/download/tslib-1.8.0.tgz",
      "integrity": "sha1-3GBOutZLy/aW1hPabJVKoOfqHrY="
    }
  }
}
